
Microsoft Visual Studio Solution File, Format Version 12.00
# Visual Studio Version 16
VisualStudioVersion = 16.0.31424.327
MinimumVisualStudioVersion = 10.0.40219.1
Project("{2150E333-8FDC-42A3-9474-1A3956D46DE8}") = "Services", "Services", "{FF30FB49-0D18-4101-9866-38BCB10C9453}"
EndProject
Project("{2150E333-8FDC-42A3-9474-1A3956D46DE8}") = "Catalog", "Catalog", "{09453F58-B14B-49D4-9224-95279FD27676}"
EndProject
Global
	GlobalSection(SolutionProperties) = preSolution
		HideSolutionNode = FALSE
	EndGlobalSection
	GlobalSection(NestedProjects) = preSolution
		{09453F58-B14B-49D4-9224-95279FD27676} = {FF30FB49-0D18-4101-9866-38BCB10C9453}
	EndGlobalSection
	GlobalSection(ExtensibilityGlobals) = postSolution
		SolutionGuid = {79ED5C61-F9C7-431A-A9C1-CAC1A5B4CD6B}
	EndGlobalSection
EndGlobal
